
Microsoft Visual Studio Solution File, Format Version 12.00
# Visual Studio Version 17
VisualStudioVersion = 17.4.33213.308
MinimumVisualStudioVersion = 10.0.40219.1
Project("{9A19103F-16F7-4668-BE54-9A1E7A4F7556}") = "AfasClient", "src\AfasClient.csproj", "{EADE59A9-F190-4CE8-96F9-FDFCA6ED0C89}"
EndProject
Project("{9A19103F-16F7-4668-BE54-9A1E7A4F7556}") = "AfasClient.Test", "test\AfasClient.Test.csproj", "{7474F40B-DE4A-43AB-9151-205323440276}"
EndProject
Global
	GlobalSection(SolutionConfigurationPlatforms) = preSolution
		Debug|Any CPU = Debug|Any CPU
		Release|Any CPU = Release|Any CPU
	EndGlobalSection
	GlobalSection(ProjectConfigurationPlatforms) = postSolution
		{EADE59A9-F190-4CE8-96F9-FDFCA6ED0C89}.Debug|Any CPU.ActiveCfg = Debug|Any CPU
		{EADE59A9-F190-4CE8-96F9-FDFCA6ED0C89}.Debug|Any CPU.Build.0 = Debug|Any CPU
		{EADE59A9-F190-4CE8-96F9-FDFCA6ED0C89}.Release|Any CPU.ActiveCfg = Release|Any CPU
		{EADE59A9-F190-4CE8-96F9-FDFCA6ED0C89}.Release|Any CPU.Build.0 = Release|Any CPU
		{7474F40B-DE4A-43AB-9151-205323440276}.Debug|Any CPU.ActiveCfg = Debug|Any CPU
		{7474F40B-DE4A-43AB-9151-205323440276}.Debug|Any CPU.Build.0 = Debug|Any CPU
		{7474F40B-DE4A-43AB-9151-205323440276}.Release|Any CPU.ActiveCfg = Release|Any CPU
		{7474F40B-DE4A-43AB-9151-205323440276}.Release|Any CPU.Build.0 = Release|Any CPU
	EndGlobalSection
	GlobalSection(SolutionProperties) = preSolution
		HideSolutionNode = FALSE
	EndGlobalSection
	GlobalSection(ExtensibilityGlobals) = postSolution
		SolutionGuid = {BCA53C4B-1269-40BF-AB07-744328BE6610}
	EndGlobalSection
EndGlobal
